// !$*UTF8*$!
{
	archiveVersion = 1;
	classes = {
	};
	objectVersion = 56;
	objects = {

/* Begin PBXBuildFile section */
		852DA07C295255C3000DBB7A /* ShowingHidingViewApp.swift in Sources */ = {isa = PBXBuildFile; fileRef = 852DA07B295255C3000DBB7A /* ShowingHidingViewApp.swift */; };
		852DA07E295255C3000DBB7A /* ContentView.swift in Sources */ = {isa = PBXBuildFile; fileRef = 852DA07D295255C3000DBB7A /* ContentView.swift */; };
		852DA080295255C4000DBB7A /* Assets.xcassets in Resources */ = {isa = PBXBuildFile; fileRef = 852DA07F295255C4000DBB7A /* Assets.xcassets */; };
		852DA084295255C4000DBB7A /* Preview Assets.xcassets in Resources */ = {isa = PBXBuildFile; fileRef = 852DA083295255C4000DBB7A /* Preview Assets.xcassets */; };
		852DA08E295255C4000DBB7A /* ShowingHidingViewTests.swift in Sources */ = {isa = PBXBuildFile; fileRef = 852DA08D295255C4000DBB7A /* ShowingHidingViewTests.swift */; };
		852DA098295255C4000DBB7A /* ShowingHidingViewUITests.swift in Sources */ = {isa = PBXBuildFile; fileRef = 852DA097295255C4000DBB7A /* ShowingHidingViewUITests.swift */; };
		852DA09A295255C4000DBB7A /* ShowingHidingViewUITestsLaunchTests.swift in Sources */ = {isa = PBXBuildFile; fileRef = 852DA099295255C4000DBB7A /* ShowingHidingViewUITestsLaunchTests.swift */; };
/* End PBXBuildFile section */

/* Begin PBXContainerItemProxy section */
		852DA08A295255C4000DBB7A /* PBXContainerItemProxy */ = {
			isa = PBXContainerItemProxy;
			containerPortal = 852DA070295255C2000DBB7A /* Project object */;
			proxyType = 1;
			remoteGlobalIDString = 852DA077295255C3000DBB7A;
			remoteInfo = ShowingHidingView;
		};
		852DA094295255C4000DBB7A /* PBXContainerItemProxy */ = {
			isa = PBXContainerItemProxy;
			containerPortal = 852DA070295255C2000DBB7A /* Project object */;
			proxyType = 1;
			remoteGlobalIDString = 852DA077295255C3000DBB7A;
			remoteInfo = ShowingHidingView;
		};
/* End PBXContainerItemProxy section */

/* Begin PBXFileReference section */
		852DA078295255C3000DBB7A /* ShowingHidingView.app */ = {isa = PBXFileReference; explicitFileType = wrapper.application; includeInIndex = 0; path = ShowingHidingView.app; sourceTree = BUILT_PRODUCTS_DIR; };
		852DA07B295255C3000DBB7A /* ShowingHidingViewApp.swift */ = {isa = PBXFileReference; lastKnownFileType = sourcecode.swift; path = ShowingHidingViewApp.swift; sourceTree = "<group>"; };
		852DA07D295255C3000DBB7A /* ContentView.swift */ = {isa = PBXFileReference; lastKnownFileType = sourcecode.swift; path = ContentView.swift; sourceTree = "<group>"; };
		852DA07F295255C4000DBB7A /* Assets.xcassets */ = {isa = PBXFileReference; lastKnownFileType = folder.assetcatalog; path = Assets.xcassets; sourceTree = "<group>"; };
		852DA081295255C4000DBB7A /* ShowingHidingView.entitlements */ = {isa = PBXFileReference; lastKnownFileType = text.plist.entitlements; path = ShowingHidingView.entitlements; sourceTree = "<group>"; };
		852DA083295255C4000DBB7A /* Preview Assets.xcassets */ = {isa = PBXFileReference; lastKnownFileType = folder.assetcatalog; path = "Preview Assets.xcassets"; sourceTree = "<group>"; };
		852DA089295255C4000DBB7A /* ShowingHidingViewTests.xctest */ = {isa = PBXFileReference; explicitFileType = wrapper.cfbundle; includeInIndex = 0; path = ShowingHidingViewTests.xctest; sourceTree = BUILT_PRODUCTS_DIR; };
		852DA08D295255C4000DBB7A /* ShowingHidingViewTests.swift */ = {isa = PBXFileReference; lastKnownFileType = sourcecode.swift; path = ShowingHidingViewTests.swift; sourceTree = "<group>"; };
		852DA093295255C4000DBB7A /* ShowingHidingViewUITests.xctest */ = {isa = PBXFileReference; explicitFileType = wrapper.cfbundle; includeInIndex = 0; path = ShowingHidingViewUITests.xctest; sourceTree = BUILT_PRODUCTS_DIR; };
		852DA097295255C4000DBB7A /* ShowingHidingViewUITests.swift */ = {isa = PBXFileReference; lastKnownFileType = sourcecode.swift; path = ShowingHidingViewUITests.swift; sourceTree = "<group>"; };
		852DA099295255C4000DBB7A /* ShowingHidingViewUITestsLaunchTests.swift */ = {isa = PBXFileReference; lastKnownFileType = sourcecode.swift; path = ShowingHidingViewUITestsLaunchTests.swift; sourceTree = "<group>"; };
/* End PBXFileReference section */

/* Begin PBXFrameworksBuildPhase section */
		852DA075295255C3000DBB7A /* Frameworks */ = {
			isa = PBXFrameworksBuildPhase;
			buildActionMask = 2147483647;
			files = (
			);
			runOnlyForDeploymentPostprocessing = 0;
		};
		852DA086295255C4000DBB7A /* Frameworks */ = {
			isa = PBXFrameworksBuildPhase;
			buildActionMask = 2147483647;
			files = (
			);
			runOnlyForDeploymentPostprocessing = 0;
		};
		852DA090295255C4000DBB7A /* Frameworks */ = {
			isa = PBXFrameworksBuildPhase;
			buildActionMask = 2147483647;
			files = (
			);
			runOnlyForDeploymentPostprocessing = 0;
		};
/* End PBXFrameworksBuildPhase section */

/* Begin PBXGroup section */
		852DA06F295255C2000DBB7A = {
			isa = PBXGroup;
			children = (
				852DA07A295255C3000DBB7A /* ShowingHidingView */,
				852DA08C295255C4000DBB7A /* ShowingHidingViewTests */,
				852DA096295255C4000DBB7A /* ShowingHidingViewUITests */,
				852DA079295255C3000DBB7A /* Products */,
			);
			sourceTree = "<group>";
		};
		852DA079295255C3000DBB7A /* Products */ = {
			isa = PBXGroup;
			children = (
				852DA078295255C3000DBB7A /* ShowingHidingView.app */,
				852DA089295255C4000DBB7A /* ShowingHidingViewTests.xctest */,
				852DA093295255C4000DBB7A /* ShowingHidingViewUITests.xctest */,
			);
			name = Products;
			sourceTree = "<group>";
		};
		852DA07A295255C3000DBB7A /* ShowingHidingView */ = {
			isa = PBXGroup;
			children = (
				852DA07B295255C3000DBB7A /* ShowingHidingViewApp.swift */,
				852DA07D295255C3000DBB7A /* ContentView.swift */,
				852DA07F295255C4000DBB7A /* Assets.xcassets */,
				852DA081295255C4000DBB7A /* ShowingHidingView.entitlements */,
				852DA082295255C4000DBB7A /* Preview Content */,
			);
			path = ShowingHidingView;
			sourceTree = "<group>";
		};
		852DA082295255C4000DBB7A /* Preview Content */ = {
			isa = PBXGroup;
			children = (
				852DA083295255C4000DBB7A /* Preview Assets.xcassets */,
			);
			path = "Preview Content";
			sourceTree = "<group>";
		};
		852DA08C295255C4000DBB7A /* ShowingHidingViewTests */ = {
			isa = PBXGroup;
			children = (
				852DA08D295255C4000DBB7A /* ShowingHidingViewTests.swift */,
			);
			path = ShowingHidingViewTests;
			sourceTree = "<group>";
		};
		852DA096295255C4000DBB7A /* ShowingHidingViewUITests */ = {
			isa = PBXGroup;
			children = (
				852DA097295255C4000DBB7A /* ShowingHidingViewUITests.swift */,
				852DA099295255C4000DBB7A /* ShowingHidingViewUITestsLaunchTests.swift */,
			);
			path = ShowingHidingViewUITests;
			sourceTree = "<group>";
		};
/* End PBXGroup section */

/* Begin PBXNativeTarget section */
		852DA077295255C3000DBB7A /* ShowingHidingView */ = {
			isa = PBXNativeTarget;
			buildConfigurationList = 852DA09D295255C4000DBB7A /* Build configuration list for PBXNativeTarget "ShowingHidingView" */;
			buildPhases = (
				852DA074295255C3000DBB7A /* Sources */,
				852DA075295255C3000DBB7A /* Frameworks */,
				852DA076295255C3000DBB7A /* Resources */,
			);
			buildRules = (
			);
			dependencies = (
			);
			name = ShowingHidingView;
			productName = ShowingHidingView;
			productReference = 852DA078295255C3000DBB7A /* ShowingHidingView.app */;
			productType = "com.apple.product-type.application";
		};
		852DA088295255C4000DBB7A /* ShowingHidingViewTests */ = {
			isa = PBXNativeTarget;
			buildConfigurationList = 852DA0A0295255C4000DBB7A /* Build configuration list for PBXNativeTarget "ShowingHidingViewTests" */;
			buildPhases = (
				852DA085295255C4000DBB7A /* Sources */,
				852DA086295255C4000DBB7A /* Frameworks */,
				852DA087295255C4000DBB7A /* Resources */,
			);
			buildRules = (
			);
			dependencies = (
				852DA08B295255C4000DBB7A /* PBXTargetDependency */,
			);
			name = ShowingHidingViewTests;
			productName = ShowingHidingViewTests;
			productReference = 852DA089295255C4000DBB7A /* ShowingHidingViewTests.xctest */;
			productType = "com.apple.product-type.bundle.unit-test";
		};
		852DA092295255C4000DBB7A /* ShowingHidingViewUITests */ = {
			isa = PBXNativeTarget;
			buildConfigurationList = 852DA0A3295255C4000DBB7A /* Build configuration list for PBXNativeTarget "ShowingHidingViewUITests" */;
			buildPhases = (
				852DA08F295255C4000DBB7A /* Sources */,
				852DA090295255C4000DBB7A /* Frameworks */,
				852DA091295255C4000DBB7A /* Resources */,
			);
			buildRules = (
			);
			dependencies = (
				852DA095295255C4000DBB7A /* PBXTargetDependency */,
			);
			name = ShowingHidingViewUITests;
			productName = ShowingHidingViewUITests;
			productReference = 852DA093295255C4000DBB7A /* ShowingHidingViewUITests.xctest */;
			productType = "com.apple.product-type.bundle.ui-testing";
		};
/* End PBXNativeTarget section */

/* Begin PBXProject section */
		852DA070295255C2000DBB7A /* Project object */ = {
			isa = PBXProject;
			attributes = {
				BuildIndependentTargetsInParallel = 1;
				LastSwiftUpdateCheck = 1420;
				LastUpgradeCheck = 1420;
				TargetAttributes = {
					852DA077295255C3000DBB7A = {
						CreatedOnToolsVersion = 14.2;
					};
					852DA088295255C4000DBB7A = {
						CreatedOnToolsVersion = 14.2;
						TestTargetID = 852DA077295255C3000DBB7A;
					};
					852DA092295255C4000DBB7A = {
						CreatedOnToolsVersion = 14.2;
						TestTargetID = 852DA077295255C3000DBB7A;
					};
				};
			};
			buildConfigurationList = 852DA073295255C2000DBB7A /* Build configuration list for PBXProject "ShowingHidingView" */;
			compatibilityVersion = "Xcode 14.0";
			developmentRegion = en;
			hasScannedForEncodings = 0;
			knownRegions = (
				en,
				Base,
			);
			mainGroup = 852DA06F295255C2000DBB7A;
			productRefGroup = 852DA079295255C3000DBB7A /* Products */;
			projectDirPath = "";
			projectRoot = "";
			targets = (
				852DA077295255C3000DBB7A /* ShowingHidingView */,
				852DA088295255C4000DBB7A /* ShowingHidingViewTests */,
				852DA092295255C4000DBB7A /* ShowingHidingViewUITests */,
			);
		};
/* End PBXProject section */

/* Begin PBXResourcesBuildPhase section */
		852DA076295255C3000DBB7A /* Resources */ = {
			isa = PBXResourcesBuildPhase;
			buildActionMask = 2147483647;
			files = (
				852DA084295255C4000DBB7A /* Preview Assets.xcassets in Resources */,
				852DA080295255C4000DBB7A /* Assets.xcassets in Resources */,
			);
			runOnlyForDeploymentPostprocessing = 0;
		};
		852DA087295255C4000DBB7A /* Resources */ = {
			isa = PBXResourcesBuildPhase;
			buildActionMask = 2147483647;
			files = (
			);
			runOnlyForDeploymentPostprocessing = 0;
		};
		852DA091295255C4000DBB7A /* Resources */ = {
			isa = PBXResourcesBuildPhase;
			buildActionMask = 2147483647;
			files = (
			);
			runOnlyForDeploymentPostprocessing = 0;
		};
/* End PBXResourcesBuildPhase section */

/* Begin PBXSourcesBuildPhase section */
		852DA074295255C3000DBB7A /* Sources */ = {
			isa = PBXSourcesBuildPhase;
			buildActionMask = 2147483647;
			files = (
				852DA07E295255C3000DBB7A /* ContentView.swift in Sources */,
				852DA07C295255C3000DBB7A /* ShowingHidingViewApp.swift in Sources */,
			);
			runOnlyForDeploymentPostprocessing = 0;
		};
		852DA085295255C4000DBB7A /* Sources */ = {
			isa = PBXSourcesBuildPhase;
			buildActionMask = 2147483647;
			files = (
				852DA08E295255C4000DBB7A /* ShowingHidingViewTests.swift in Sources */,
			);
			runOnlyForDeploymentPostprocessing = 0;
		};
		852DA08F295255C4000DBB7A /* Sources */ = {
			isa = PBXSourcesBuildPhase;
			buildActionMask = 2147483647;
			files = (
				852DA09A295255C4000DBB7A /* ShowingHidingViewUITestsLaunchTests.swift in Sources */,
				852DA098295255C4000DBB7A /* ShowingHidingViewUITests.swift in Sources */,
			);
			runOnlyForDeploymentPostprocessing = 0;
		};
/* End PBXSourcesBuildPhase section */

/* Begin PBXTargetDependency section */
		852DA08B295255C4000DBB7A /* PBXTargetDependency */ = {
			isa = PBXTargetDependency;
			target = 852DA077295255C3000DBB7A /* ShowingHidingView */;
			targetProxy = 852DA08A295255C4000DBB7A /* PBXContainerItemProxy */;
		};
		852DA095295255C4000DBB7A /* PBXTargetDependency */ = {
			isa = PBXTargetDependency;
			target = 852DA077295255C3000DBB7A /* ShowingHidingView */;
			targetProxy = 852DA094295255C4000DBB7A /* PBXContainerItemProxy */;
		};
/* End PBXTargetDependency section */

/* Begin XCBuildConfiguration section */
		852DA09B295255C4000DBB7A /* Debug */ = {
			isa = XCBuildConfiguration;
			buildSettings = {
				ALWAYS_SEARCH_USER_PATHS = NO;
				CLANG_ANALYZER_NONNULL = YES;
				CLANG_ANALYZER_NUMBER_OBJECT_CONVERSION = YES_AGGRESSIVE;
				CLANG_CXX_LANGUAGE_STANDARD = "gnu++20";
				CLANG_ENABLE_MODULES = YES;
				CLANG_ENABLE_OBJC_ARC = YES;
				CLANG_ENABLE_OBJC_WEAK = YES;
				CLANG_WARN_BLOCK_CAPTURE_AUTORELEASING = YES;
				CLANG_WARN_BOOL_CONVERSION = YES;
				CLANG_WARN_COMMA = YES;
				CLANG_WARN_CONSTANT_CONVERSION = YES;
				CLANG_WARN_DEPRECATED_OBJC_IMPLEMENTATIONS = YES;
				CLANG_WARN_DIRECT_OBJC_ISA_USAGE = YES_ERROR;
				CLANG_WARN_DOCUMENTATION_COMMENTS = YES;
				CLANG_WARN_EMPTY_BODY = YES;
				CLANG_WARN_ENUM_CONVERSION = YES;
				CLANG_WARN_INFINITE_RECURSION = YES;
				CLANG_WARN_INT_CONVERSION = YES;
				CLANG_WARN_NON_LITERAL_NULL_CONVERSION = YES;
				CLANG_WARN_OBJC_IMPLICIT_RETAIN_SELF = YES;
				CLANG_WARN_OBJC_LITERAL_CONVERSION = YES;
				CLANG_WARN_OBJC_ROOT_CLASS = YES_ERROR;
				CLANG_WARN_QUOTED_INCLUDE_IN_FRAMEWORK_HEADER = YES;
				CLANG_WARN_RANGE_LOOP_ANALYSIS = YES;
				CLANG_WARN_STRICT_PROTOTYPES = YES;
				CLANG_WARN_SUSPICIOUS_MOVE = YES;
				CLANG_WARN_UNGUARDED_AVAILABILITY = YES_AGGRESSIVE;
				CLANG_WARN_UNREACHABLE_CODE = YES;
				CLANG_WARN__DUPLICATE_METHOD_MATCH = YES;
				COPY_PHASE_STRIP = NO;
				DEBUG_INFORMATION_FORMAT = dwarf;
				ENABLE_STRICT_OBJC_MSGSEND = YES;
				ENABLE_TESTABILITY = YES;
				GCC_C_LANGUAGE_STANDARD = gnu11;
				GCC_DYNAMIC_NO_PIC = NO;
				GCC_NO_COMMON_BLOCKS = YES;
				GCC_OPTIMIZATION_LEVEL = 0;
				GCC_PREPROCESSOR_DEFINITIONS = (
					"DEBUG=1",
					"$(inherited)",
				);
				GCC_WARN_64_TO_32_BIT_CONVERSION = YES;
				GCC_WARN_ABOUT_RETURN_TYPE = YES_ERROR;
				GCC_WARN_UNDECLARED_SELECTOR = YES;
				GCC_WARN_UNINITIALIZED_AUTOS = YES_AGGRESSIVE;
				GCC_WARN_UNUSED_FUNCTION = YES;
				GCC_WARN_UNUSED_VARIABLE = YES;
				MTL_ENABLE_DEBUG_INFO = INCLUDE_SOURCE;
				MTL_FAST_MATH = YES;
				ONLY_ACTIVE_ARCH = YES;
				SWIFT_ACTIVE_COMPILATION_CONDITIONS = DEBUG;
				SWIFT_OPTIMIZATION_LEVEL = "-Onone";
			};
			name = Debug;
		};
		852DA09C295255C4000DBB7A /* Release */ = {
			isa = XCBuildConfiguration;
			buildSettings = {
				ALWAYS_SEARCH_USER_PATHS = NO;
				CLANG_ANALYZER_NONNULL = YES;
				CLANG_ANALYZER_NUMBER_OBJECT_CONVERSION = YES_AGGRESSIVE;
				CLANG_CXX_LANGUAGE_STANDARD = "gnu++20";
				CLANG_ENABLE_MODULES = YES;
				CLANG_ENABLE_OBJC_ARC = YES;
				CLANG_ENABLE_OBJC_WEAK = YES;
				CLANG_WARN_BLOCK_CAPTURE_AUTORELEASING = YES;
				CLANG_WARN_BOOL_CONVERSION = YES;
				CLANG_WARN_COMMA = YES;
				CLANG_WARN_CONSTANT_CONVERSION = YES;
				CLANG_WARN_DEPRECATED_OBJC_IMPLEMENTATIONS = YES;
				CLANG_WARN_DIRECT_OBJC_ISA_USAGE = YES_ERROR;
				CLANG_WARN_DOCUMENTATION_COMMENTS = YES;
				CLANG_WARN_EMPTY_BODY = YES;
				CLANG_WARN_ENUM_CONVERSION = YES;
				CLANG_WARN_INFINITE_RECURSION = YES;
				CLANG_WARN_INT_CONVERSION = YES;
				CLANG_WARN_NON_LITERAL_NULL_CONVERSION = YES;
				CLANG_WARN_OBJC_IMPLICIT_RETAIN_SELF = YES;
				CLANG_WARN_OBJC_LITERAL_CONVERSION = YES;
				CLANG_WARN_OBJC_ROOT_CLASS = YES_ERROR;
				CLANG_WARN_QUOTED_INCLUDE_IN_FRAMEWORK_HEADER = YES;
				CLANG_WARN_RANGE_LOOP_ANALYSIS = YES;
				CLANG_WARN_STRICT_PROTOTYPES = YES;
				CLANG_WARN_SUSPICIOUS_MOVE = YES;
				CLANG_WARN_UNGUARDED_AVAILABILITY = YES_AGGRESSIVE;
				CLANG_WARN_UNREACHABLE_CODE = YES;
				CLANG_WARN__DUPLICATE_METHOD_MATCH = YES;
				COPY_PHASE_STRIP = NO;
				DEBUG_INFORMATION_FORMAT = "dwarf-with-dsym";
				ENABLE_NS_ASSERTIONS = NO;
				ENABLE_STRICT_OBJC_MSGSEND = YES;
				GCC_C_LANGUAGE_STANDARD = gnu11;
				GCC_NO_COMMON_BLOCKS = YES;
				GCC_WARN_64_TO_32_BIT_CONVERSION = YES;
				GCC_WARN_ABOUT_RETURN_TYPE = YES_ERROR;
				GCC_WARN_UNDECLARED_SELECTOR = YES;
				GCC_WARN_UNINITIALIZED_AUTOS = YES_AGGRESSIVE;
				GCC_WARN_UNUSED_FUNCTION = YES;
				GCC_WARN_UNUSED_VARIABLE = YES;
				MTL_ENABLE_DEBUG_INFO = NO;
				MTL_FAST_MATH = YES;
				SWIFT_COMPILATION_MODE = wholemodule;
				SWIFT_OPTIMIZATION_LEVEL = "-O";
			};
			name = Release;
		};
		852DA09E295255C4000DBB7A /* Debug */ = {
			isa = XCBuildConfiguration;
			buildSettings = {
				ASSETCATALOG_COMPILER_APPICON_NAME = AppIcon;
				ASSETCATALOG_COMPILER_GLOBAL_ACCENT_COLOR_NAME = AccentColor;
				CODE_SIGN_ENTITLEMENTS = ShowingHidingView/ShowingHidingView.entitlements;
				CODE_SIGN_STYLE = Automatic;
				CURRENT_PROJECT_VERSION = 1;
				DEVELOPMENT_ASSET_PATHS = "\"ShowingHidingView/Preview Content\"";
				ENABLE_PREVIEWS = YES;
				GENERATE_INFOPLIST_FILE = YES;
				"INFOPLIST_KEY_UIApplicationSceneManifest_Generation[sdk=iphoneos*]" = YES;
				"INFOPLIST_KEY_UIApplicationSceneManifest_Generation[sdk=iphonesimulator*]" = YES;
				"INFOPLIST_KEY_UIApplicationSupportsIndirectInputEvents[sdk=iphoneos*]" = YES;
				"INFOPLIST_KEY_UIApplicationSupportsIndirectInputEvents[sdk=iphonesimulator*]" = YES;
				"INFOPLIST_KEY_UILaunchScreen_Generation[sdk=iphoneos*]" = YES;
				"INFOPLIST_KEY_UILaunchScreen_Generation[sdk=iphonesimulator*]" = YES;
				"INFOPLIST_KEY_UIStatusBarStyle[sdk=iphoneos*]" = UIStatusBarStyleDefault;
				"INFOPLIST_KEY_UIStatusBarStyle[sdk=iphonesimulator*]" = UIStatusBarStyleDefault;
				INFOPLIST_KEY_UISupportedInterfaceOrientations_iPad = "UIInterfaceOrientationPortrait UIInterfaceOrientationPortraitUpsideDown UIInterfaceOrientationLandscapeLeft UIInterfaceOrientationLandscapeRight";
				INFOPLIST_KEY_UISupportedInterfaceOrientations_iPhone = "UIInterfaceOrientationPortrait UIInterfaceOrientationLandscapeLeft UIInterfaceOrientationLandscapeRight";
				IPHONEOS_DEPLOYMENT_TARGET = 16.2;
				LD_RUNPATH_SEARCH_PATHS = "@executable_path/Frameworks";
				"LD_RUNPATH_SEARCH_PATHS[sdk=macosx*]" = "@executable_path/../Frameworks";
				MACOSX_DEPLOYMENT_TARGET = 13.1;
				MARKETING_VERSION = 1.0;
				PRODUCT_BUNDLE_IDENTIFIER = orlandomoraesmartins.ShowingHidingView;
				PRODUCT_NAME = "$(TARGET_NAME)";
				SDKROOT = auto;
				SUPPORTED_PLATFORMS = "iphoneos iphonesimulator macosx";
				SWIFT_EMIT_LOC_STRINGS = YES;
				SWIFT_VERSION = 5.0;
				TARGETED_DEVICE_FAMILY = "1,2";
			};
			name = Debug;
		};
		852DA09F295255C4000DBB7A /* Release */ = {
			isa = XCBuildConfiguration;
			buildSettings = {
				ASSETCATALOG_COMPILER_APPICON_NAME = AppIcon;
				ASSETCATALOG_COMPILER_GLOBAL_ACCENT_COLOR_NAME = AccentColor;
				CODE_SIGN_ENTITLEMENTS = ShowingHidingView/ShowingHidingView.entitlements;
				CODE_SIGN_STYLE = Automatic;
				CURRENT_PROJECT_VERSION = 1;
				DEVELOPMENT_ASSET_PATHS = "\"ShowingHidingView/Preview Content\"";
				ENABLE_PREVIEWS = YES;
				GENERATE_INFOPLIST_FILE = YES;
				"INFOPLIST_KEY_UIApplicationSceneManifest_Generation[sdk=iphoneos*]" = YES;
				"INFOPLIST_KEY_UIApplicationSceneManifest_Generation[sdk=iphonesimulator*]" = YES;
				"INFOPLIST_KEY_UIApplicationSupportsIndirectInputEvents[sdk=iphoneos*]" = YES;
				"INFOPLIST_KEY_UIApplicationSupportsIndirectInputEvents[sdk=iphonesimulator*]" = YES;
				"INFOPLIST_KEY_UILaunchScreen_Generation[sdk=iphoneos*]" = YES;
				"INFOPLIST_KEY_UILaunchScreen_Generation[sdk=iphonesimulator*]" = YES;
				"INFOPLIST_KEY_UIStatusBarStyle[sdk=iphoneos*]" = UIStatusBarStyleDefault;
				"INFOPLIST_KEY_UIStatusBarStyle[sdk=iphonesimulator*]" = UIStatusBarStyleDefault;
				INFOPLIST_KEY_UISupportedInterfaceOrientations_iPad = "UIInterfaceOrientationPortrait UIInterfaceOrientationPortraitUpsideDown UIInterfaceOrientationLandscapeLeft UIInterfaceOrientationLandscapeRight";
				INFOPLIST_KEY_UISupportedInterfaceOrientations_iPhone = "UIInterfaceOrientationPortrait UIInterfaceOrientationLandscapeLeft UIInterfaceOrientationLandscapeRight";
				IPHONEOS_DEPLOYMENT_TARGET = 16.2;
				LD_RUNPATH_SEARCH_PATHS = "@executable_path/Frameworks";
				"LD_RUNPATH_SEARCH_PATHS[sdk=macosx*]" = "@executable_path/../Frameworks";
				MACOSX_DEPLOYMENT_TARGET = 13.1;
				MARKETING_VERSION = 1.0;
				PRODUCT_BUNDLE_IDENTIFIER = orlandomoraesmartins.ShowingHidingView;
				PRODUCT_NAME = "$(TARGET_NAME)";
				SDKROOT = auto;
				SUPPORTED_PLATFORMS = "iphoneos iphonesimulator macosx";
				SWIFT_EMIT_LOC_STRINGS = YES;
				SWIFT_VERSION = 5.0;
				TARGETED_DEVICE_FAMILY = "1,2";
			};
			name = Release;
		};
		852DA0A1295255C4000DBB7A /* Debug */ = {
			isa = XCBuildConfiguration;
			buildSettings = {
				ALWAYS_EMBED_SWIFT_STANDARD_LIBRARIES = YES;
				BUNDLE_LOADER = "$(TEST_HOST)";
				CODE_SIGN_STYLE = Automatic;
				CURRENT_PROJECT_VERSION = 1;
				GENERATE_INFOPLIST_FILE = YES;
				IPHONEOS_DEPLOYMENT_TARGET = 16.2;
				MACOSX_DEPLOYMENT_TARGET = 13.1;
				MARKETING_VERSION = 1.0;
				PRODUCT_BUNDLE_IDENTIFIER = orlandomoraesmartins.ShowingHidingViewTests;
				PRODUCT_NAME = "$(TARGET_NAME)";
				SDKROOT = auto;
				SUPPORTED_PLATFORMS = "iphoneos iphonesimulator macosx";
				SWIFT_EMIT_LOC_STRINGS = NO;
				SWIFT_VERSION = 5.0;
				TARGETED_DEVICE_FAMILY = "1,2";
				TEST_HOST = "$(BUILT_PRODUCTS_DIR)/ShowingHidingView.app/$(BUNDLE_EXECUTABLE_FOLDER_PATH)/ShowingHidingView";
			};
			name = Debug;
		};
		852DA0A2295255C4000DBB7A /* Release */ = {
			isa = XCBuildConfiguration;
			buildSettings = {
				ALWAYS_EMBED_SWIFT_STANDARD_LIBRARIES = YES;
				BUNDLE_LOADER = "$(TEST_HOST)";
				CODE_SIGN_STYLE = Automatic;
				CURRENT_PROJECT_VERSION = 1;
				GENERATE_INFOPLIST_FILE = YES;
				IPHONEOS_DEPLOYMENT_TARGET = 16.2;
				MACOSX_DEPLOYMENT_TARGET = 13.1;
				MARKETING_VERSION = 1.0;
				PRODUCT_BUNDLE_IDENTIFIER = orlandomoraesmartins.ShowingHidingViewTests;
				PRODUCT_NAME = "$(TARGET_NAME)";
				SDKROOT = auto;
				SUPPORTED_PLATFORMS = "iphoneos iphonesimulator macosx";
				SWIFT_EMIT_LOC_STRINGS = NO;
				SWIFT_VERSION = 5.0;
				TARGETED_DEVICE_FAMILY = "1,2";
				TEST_HOST = "$(BUILT_PRODUCTS_DIR)/ShowingHidingView.app/$(BUNDLE_EXECUTABLE_FOLDER_PATH)/ShowingHidingView";
			};
			name = Release;
		};
		852DA0A4295255C4000DBB7A /* Debug */ = {
			isa = XCBuildConfiguration;
			buildSettings = {
				ALWAYS_EMBED_SWIFT_STANDARD_LIBRARIES = YES;
				CODE_SIGN_STYLE = Automatic;
				CURRENT_PROJECT_VERSION = 1;
				GENERATE_INFOPLIST_FILE = YES;
				IPHONEOS_DEPLOYMENT_TARGET = 16.2;
				MACOSX_DEPLOYMENT_TARGET = 13.1;
				MARKETING_VERSION = 1.0;
				PRODUCT_BUNDLE_IDENTIFIER = orlandomoraesmartins.ShowingHidingViewUITests;
				PRODUCT_NAME = "$(TARGET_NAME)";
				SDKROOT = auto;
				SUPPORTED_PLATFORMS = "iphoneos iphonesimulator macosx";
				SWIFT_EMIT_LOC_STRINGS = NO;
				SWIFT_VERSION = 5.0;
				TARGETED_DEVICE_FAMILY = "1,2";
				TEST_TARGET_NAME = ShowingHidingView;
			};
			name = Debug;
		};
		852DA0A5295255C4000DBB7A /* Release */ = {
			isa = XCBuildConfiguration;
			buildSettings = {
				ALWAYS_EMBED_SWIFT_STANDARD_LIBRARIES = YES;
				CODE_SIGN_STYLE = Automatic;
				CURRENT_PROJECT_VERSION = 1;
				GENERATE_INFOPLIST_FILE = YES;
				IPHONEOS_DEPLOYMENT_TARGET = 16.2;
				MACOSX_DEPLOYMENT_TARGET = 13.1;
				MARKETING_VERSION = 1.0;
				PRODUCT_BUNDLE_IDENTIFIER = orlandomoraesmartins.ShowingHidingViewUITests;
				PRODUCT_NAME = "$(TARGET_NAME)";
				SDKROOT = auto;
				SUPPORTED_PLATFORMS = "iphoneos iphonesimulator macosx";
				SWIFT_EMIT_LOC_STRINGS = NO;
				SWIFT_VERSION = 5.0;
				TARGETED_DEVICE_FAMILY = "1,2";
				TEST_TARGET_NAME = ShowingHidingView;
			};
			name = Release;
		};
/* End XCBuildConfiguration section */

/* Begin XCConfigurationList section */
		852DA073295255C2000DBB7A /* Build configuration list for PBXProject "ShowingHidingView" */ = {
			isa = XCConfigurationList;
			buildConfigurations = (
				852DA09B295255C4000DBB7A /* Debug */,
				852DA09C295255C4000DBB7A /* Release */,
			);
			defaultConfigurationIsVisible = 0;
			defaultConfigurationName = Release;
		};
		852DA09D295255C4000DBB7A /* Build configuration list for PBXNativeTarget "ShowingHidingView" */ = {
			isa = XCConfigurationList;
			buildConfigurations = (
				852DA09E295255C4000DBB7A /* Debug */,
				852DA09F295255C4000DBB7A /* Release */,
			);
			defaultConfigurationIsVisible = 0;
			defaultConfigurationName = Release;
		};
		852DA0A0295255C4000DBB7A /* Build configuration list for PBXNativeTarget "ShowingHidingViewTests" */ = {
			isa = XCConfigurationList;
			buildConfigurations = (
				852DA0A1295255C4000DBB7A /* Debug */,
				852DA0A2295255C4000DBB7A /* Release */,
			);
			defaultConfigurationIsVisible = 0;
			defaultConfigurationName = Release;
		};
		852DA0A3295255C4000DBB7A /* Build configuration list for PBXNativeTarget "ShowingHidingViewUITests" */ = {
			isa = XCConfigurationList;
			buildConfigurations = (
				852DA0A4295255C4000DBB7A /* Debug */,
				852DA0A5295255C4000DBB7A /* Release */,
			);
			defaultConfigurationIsVisible = 0;
			defaultConfigurationName = Release;
		};
/* End XCConfigurationList section */
	};
	rootObject = 852DA070295255C2000DBB7A /* Project object */;
}
